
Microsoft Visual Studio Solution File, Format Version 12.00
# Visual Studio 15
VisualStudioVersion = 15.0.26124.0
MinimumVisualStudioVersion = 15.0.26124.0
Project("{2150E333-8FDC-42A3-9474-1A3956D46DE8}") = "src", "src", "{79DC3A64-7437-41B2-8D1B-197180B98961}"
EndProject
Project("{FAE04EC0-301F-11D3-BF4B-00C04F79EFBC}") = "SimpleAPI", "src\SimpleAPI\SimpleAPI.csproj", "{E46DBACD-9980-4B67-AC57-E97ADFA3D688}"
EndProject
Project("{2150E333-8FDC-42A3-9474-1A3956D46DE8}") = "test", "test", "{26A27A98-3A69-4C21-81A1-F1144726AC35}"
EndProject
Project("{FAE04EC0-301F-11D3-BF4B-00C04F79EFBC}") = "SimpleAPI.Test", "test\SimpleAPI.Test\SimpleAPI.Test.csproj", "{8BAAC05C-0A55-4CD3-8B0F-C35DE01DEA21}"
EndProject
Global
	GlobalSection(SolutionConfigurationPlatforms) = preSolution
		Debug|Any CPU = Debug|Any CPU
		Debug|x64 = Debug|x64
		Debug|x86 = Debug|x86
		Release|Any CPU = Release|Any CPU
		Release|x64 = Release|x64
		Release|x86 = Release|x86
	EndGlobalSection
	GlobalSection(SolutionProperties) = preSolution
		HideSolutionNode = FALSE
	EndGlobalSection
	GlobalSection(ProjectConfigurationPlatforms) = postSolution
		{E46DBACD-9980-4B67-AC57-E97ADFA3D688}.Debug|Any CPU.ActiveCfg = Debug|Any CPU
		{E46DBACD-9980-4B67-AC57-E97ADFA3D688}.Debug|Any CPU.Build.0 = Debug|Any CPU
		{E46DBACD-9980-4B67-AC57-E97ADFA3D688}.Debug|x64.ActiveCfg = Debug|Any CPU
		{E46DBACD-9980-4B67-AC57-E97ADFA3D688}.Debug|x64.Build.0 = Debug|Any CPU
		{E46DBACD-9980-4B67-AC57-E97ADFA3D688}.Debug|x86.ActiveCfg = Debug|Any CPU
		{E46DBACD-9980-4B67-AC57-E97ADFA3D688}.Debug|x86.Build.0 = Debug|Any CPU
		{E46DBACD-9980-4B67-AC57-E97ADFA3D688}.Release|Any CPU.ActiveCfg = Release|Any CPU
		{E46DBACD-9980-4B67-AC57-E97ADFA3D688}.Release|Any CPU.Build.0 = Release|Any CPU
		{E46DBACD-9980-4B67-AC57-E97ADFA3D688}.Release|x64.ActiveCfg = Release|Any CPU
		{E46DBACD-9980-4B67-AC57-E97ADFA3D688}.Release|x64.Build.0 = Release|Any CPU
		{E46DBACD-9980-4B67-AC57-E97ADFA3D688}.Release|x86.ActiveCfg = Release|Any CPU
		{E46DBACD-9980-4B67-AC57-E97ADFA3D688}.Release|x86.Build.0 = Release|Any CPU
		{8BAAC05C-0A55-4CD3-8B0F-C35DE01DEA21}.Debug|Any CPU.ActiveCfg = Debug|Any CPU
		{8BAAC05C-0A55-4CD3-8B0F-C35DE01DEA21}.Debug|Any CPU.Build.0 = Debug|Any CPU
		{8BAAC05C-0A55-4CD3-8B0F-C35DE01DEA21}.Debug|x64.ActiveCfg = Debug|Any CPU
		{8BAAC05C-0A55-4CD3-8B0F-C35DE01DEA21}.Debug|x64.Build.0 = Debug|Any CPU
		{8BAAC05C-0A55-4CD3-8B0F-C35DE01DEA21}.Debug|x86.ActiveCfg = Debug|Any CPU
		{8BAAC05C-0A55-4CD3-8B0F-C35DE01DEA21}.Debug|x86.Build.0 = Debug|Any CPU
		{8BAAC05C-0A55-4CD3-8B0F-C35DE01DEA21}.Release|Any CPU.ActiveCfg = Release|Any CPU
		{8BAAC05C-0A55-4CD3-8B0F-C35DE01DEA21}.Release|Any CPU.Build.0 = Release|Any CPU
		{8BAAC05C-0A55-4CD3-8B0F-C35DE01DEA21}.Release|x64.ActiveCfg = Release|Any CPU
		{8BAAC05C-0A55-4CD3-8B0F-C35DE01DEA21}.Release|x64.Build.0 = Release|Any CPU
		{8BAAC05C-0A55-4CD3-8B0F-C35DE01DEA21}.Release|x86.ActiveCfg = Release|Any CPU
		{8BAAC05C-0A55-4CD3-8B0F-C35DE01DEA21}.Release|x86.Build.0 = Release|Any CPU
	EndGlobalSection
	GlobalSection(NestedProjects) = preSolution
		{E46DBACD-9980-4B67-AC57-E97ADFA3D688} = {79DC3A64-7437-41B2-8D1B-197180B98961}
		{8BAAC05C-0A55-4CD3-8B0F-C35DE01DEA21} = {26A27A98-3A69-4C21-81A1-F1144726AC35}
	EndGlobalSection
EndGlobal
